
Microsoft Visual Studio Solution File, Format Version 12.00
# Visual Studio Version 17
VisualStudioVersion = 17.2.32630.192
MinimumVisualStudioVersion = 10.0.40219.1
Project("{FAE04EC0-301F-11D3-BF4B-00C04F79EFBC}") = "AlfaSoft", "AlfaSoft\AlfaSoft.csproj", "{F92E8660-A4F9-4FDE-9567-ACD20284A525}"
EndProject
Global
	GlobalSection(SolutionConfigurationPlatforms) = preSolution
		Debug|Any CPU = Debug|Any CPU
		Release|Any CPU = Release|Any CPU
	EndGlobalSection
	GlobalSection(ProjectConfigurationPlatforms) = postSolution
		{F92E8660-A4F9-4FDE-9567-ACD20284A525}.Debug|Any CPU.ActiveCfg = Debug|Any CPU
		{F92E8660-A4F9-4FDE-9567-ACD20284A525}.Debug|Any CPU.Build.0 = Debug|Any CPU
		{F92E8660-A4F9-4FDE-9567-ACD20284A525}.Release|Any CPU.ActiveCfg = Release|Any CPU
		{F92E8660-A4F9-4FDE-9567-ACD20284A525}.Release|Any CPU.Build.0 = Release|Any CPU
	EndGlobalSection
	GlobalSection(SolutionProperties) = preSolution
		HideSolutionNode = FALSE
	EndGlobalSection
	GlobalSection(ExtensibilityGlobals) = postSolution
		SolutionGuid = {8C0C558F-5FE0-443C-813E-558C7FC161A3}
	EndGlobalSection
EndGlobal
